
Microsoft Visual Studio Solution File, Format Version 12.00
# Visual Studio 14
VisualStudioVersion = 14.0.25420.1
MinimumVisualStudioVersion = 10.0.40219.1
Project("{159641D6-6404-4A2A-AE62-294DE0FE8301}") = "ETL_bootcamp", "ETL_bootcamp\ETL_bootcamp.dtproj", "{6949DAB0-AB9E-4E0D-9950-818A21CB7012}"
EndProject
Global
	GlobalSection(SolutionConfigurationPlatforms) = preSolution
		Development|Default = Development|Default
	EndGlobalSection
	GlobalSection(ProjectConfigurationPlatforms) = postSolution
		{6949DAB0-AB9E-4E0D-9950-818A21CB7012}.Development|Default.ActiveCfg = Development
		{6949DAB0-AB9E-4E0D-9950-818A21CB7012}.Development|Default.Build.0 = Development
	EndGlobalSection
	GlobalSection(SolutionProperties) = preSolution
		HideSolutionNode = FALSE
	EndGlobalSection
EndGlobal
